
Microsoft Visual Studio Solution File, Format Version 12.00
# Visual Studio Version 16
VisualStudioVersion = 16.0.31112.23
MinimumVisualStudioVersion = 10.0.40219.1
Project("{FAE04EC0-301F-11D3-BF4B-00C04F79EFBC}") = "DatabaseFirst", "DatabaseFirst\DatabaseFirst.csproj", "{CFBB7C95-6BF3-47B1-8EB0-2C3472CF2EFD}"
EndProject
Project("{FAE04EC0-301F-11D3-BF4B-00C04F79EFBC}") = "CodeFirst", "CodeFirst\CodeFirst.csproj", "{F7713921-6D92-4B16-835B-D275A994EFCB}"
EndProject
Global
	GlobalSection(SolutionConfigurationPlatforms) = preSolution
		Debug|Any CPU = Debug|Any CPU
		Release|Any CPU = Release|Any CPU
	EndGlobalSection
	GlobalSection(ProjectConfigurationPlatforms) = postSolution
		{CFBB7C95-6BF3-47B1-8EB0-2C3472CF2EFD}.Debug|Any CPU.ActiveCfg = Debug|Any CPU
		{CFBB7C95-6BF3-47B1-8EB0-2C3472CF2EFD}.Debug|Any CPU.Build.0 = Debug|Any CPU
		{CFBB7C95-6BF3-47B1-8EB0-2C3472CF2EFD}.Release|Any CPU.ActiveCfg = Release|Any CPU
		{CFBB7C95-6BF3-47B1-8EB0-2C3472CF2EFD}.Release|Any CPU.Build.0 = Release|Any CPU
		{F7713921-6D92-4B16-835B-D275A994EFCB}.Debug|Any CPU.ActiveCfg = Debug|Any CPU
		{F7713921-6D92-4B16-835B-D275A994EFCB}.Debug|Any CPU.Build.0 = Debug|Any CPU
		{F7713921-6D92-4B16-835B-D275A994EFCB}.Release|Any CPU.ActiveCfg = Release|Any CPU
		{F7713921-6D92-4B16-835B-D275A994EFCB}.Release|Any CPU.Build.0 = Release|Any CPU
	EndGlobalSection
	GlobalSection(SolutionProperties) = preSolution
		HideSolutionNode = FALSE
	EndGlobalSection
	GlobalSection(ExtensibilityGlobals) = postSolution
		SolutionGuid = {DED6A9A4-4661-4424-BD76-5C41B393D8A0}
	EndGlobalSection
EndGlobal
